<?xml version="1.0" encoding="utf-8"?>
<Project ToolsVersion="4.0" xmlns="http://schemas.microsoft.com/developer/msbuild/2003">
  <ItemGroup>
    <Filter Include="Source Files">
      <UniqueIdentifier>{4FC737F1-C7A5-4376-A066-2A32D752A2FF}</UniqueIdentifier>
      <Extensions>cpp;c;cc;cxx;def;odl;idl;hpj;bat;asm;asmx</Extensions>
    </Filter>
    <Filter Include="Header Files">
      <UniqueIdentifier>{93995380-89BD-4b04-88EB-625FBE52EBFB}</UniqueIdentifier>
      <Extensions>h;hh;hpp;hxx;hm;inl;inc;xsd</Extensions>
    </Filter>
    <Filter Include="Resource Files">
      <UniqueIdentifier>{67DA6AB6-F800-4c08-8B7A-83BB121AAD01}</UniqueIdentifier>
      <Extensions>rc;ico;cur;bmp;dlg;rc2;rct;bin;rgs;gif;jpg;jpeg;jpe;resx;tiff;tif;png;wav;mfcribbon-ms</Extensions>
    </Filter>
    <Filter Include="Header Files\CharacterActions">
      <UniqueIdentifier>{f765bef8-f5ef-488c-b3cb-1107bd5b2921}</UniqueIdentifier>
    </Filter>
    <Filter Include="Source Files\CharacterActions">
      <UniqueIdentifier>{f1d7c13b-1c75-49cf-9fc9-de41f399393f}</UniqueIdentifier>
    </Filter>
  </ItemGroup>
  <ItemGroup>
    <ClInclude Include="ClientCommand.h">
      <Filter>Header Files</Filter>
    </ClInclude>
    <ClInclude Include="Player.hpp">
      <Filter>Header Files</Filter>
    </ClInclude>
    <ClInclude Include="Socket.h">
      <Filter>Header Files</Filter>
    </ClInclude>
    <ClInclude Include="Sync_queue.h">
      <Filter>Header Files</Filter>
    </ClInclude>
    <ClInclude Include="throw.h">
      <Filter>Header Files</Filter>
    </ClInclude>
    <ClInclude Include="Game.h">
      <Filter>Header Files</Filter>
    </ClInclude>
    <ClInclude Include="BasicCard.h">
      <Filter>Header Files</Filter>
    </ClInclude>
    <ClInclude Include="BuildCard.h">
      <Filter>Header Files</Filter>
    </ClInclude>
    <ClInclude Include="CharacterCard.h">
      <Filter>Header Files</Filter>
    </ClInclude>
    <ClInclude Include="SpecialCard.h">
      <Filter>Header Files</Filter>
    </ClInclude>
    <ClInclude Include="CharacterType.h">
      <Filter>Header Files</Filter>
    </ClInclude>
    <ClInclude Include="BaseAction.h">
      <Filter>Header Files\CharacterActions</Filter>
    </ClInclude>
    <ClInclude Include="AssasinAction.h">
      <Filter>Header Files\CharacterActions</Filter>
    </ClInclude>
    <ClInclude Include="WarlordAction.h">
      <Filter>Header Files\CharacterActions</Filter>
    </ClInclude>
    <ClInclude Include="ArchitectAction.h">
      <Filter>Header Files\CharacterActions</Filter>
    </ClInclude>
    <ClInclude Include="MerchantAction.h">
      <Filter>Header Files\CharacterActions</Filter>
    </ClInclude>
    <ClInclude Include="BishopAction.h">
      <Filter>Header Files\CharacterActions</Filter>
    </ClInclude>
    <ClInclude Include="MagicianAction.h">
      <Filter>Header Files\CharacterActions</Filter>
    </ClInclude>
    <ClInclude Include="KingAction.h">
      <Filter>Header Files\CharacterActions</Filter>
    </ClInclude>
    <ClInclude Include="TheifAction.h">
      <Filter>Header Files\CharacterActions</Filter>
    </ClInclude>
  </ItemGroup>
  <ItemGroup>
    <ClCompile Include="main.cpp">
      <Filter>Source Files</Filter>
    </ClCompile>
    <ClCompile Include="Player.cpp">
      <Filter>Source Files</Filter>
    </ClCompile>
    <ClCompile Include="Socket.cpp">
      <Filter>Source Files</Filter>
    </ClCompile>
    <ClCompile Include="throw.cpp">
      <Filter>Source Files</Filter>
    </ClCompile>
    <ClCompile Include="Game.cpp">
      <Filter>Source Files</Filter>
    </ClCompile>
    <ClCompile Include="BasicCard.cpp">
      <Filter>Source Files</Filter>
    </ClCompile>
    <ClCompile Include="BuildCard.cpp">
      <Filter>Source Files</Filter>
    </ClCompile>
    <ClCompile Include="CharacterCard.cpp">
      <Filter>Source Files</Filter>
    </ClCompile>
    <ClCompile Include="SpecialCard.cpp">
      <Filter>Source Files</Filter>
    </ClCompile>
    <ClCompile Include="BaseAction.cpp">
      <Filter>Source Files\CharacterActions</Filter>
    </ClCompile>
    <ClCompile Include="AssasinAction.cpp">
      <Filter>Source Files\CharacterActions</Filter>
    </ClCompile>
    <ClCompile Include="ArchitectAction.cpp">
      <Filter>Source Files\CharacterActions</Filter>
    </ClCompile>
    <ClCompile Include="BishopAction.cpp">
      <Filter>Source Files\CharacterActions</Filter>
    </ClCompile>
    <ClCompile Include="KingAction.cpp">
      <Filter>Source Files\CharacterActions</Filter>
    </ClCompile>
    <ClCompile Include="MagicianAction.cpp">
      <Filter>Source Files\CharacterActions</Filter>
    </ClCompile>
    <ClCompile Include="MerchantAction.cpp">
      <Filter>Source Files\CharacterActions</Filter>
    </ClCompile>
    <ClCompile Include="TheifAction.cpp">
      <Filter>Source Files\CharacterActions</Filter>
    </ClCompile>
    <ClCompile Include="WarlordAction.cpp">
      <Filter>Source Files\CharacterActions</Filter>
    </ClCompile>
  </ItemGroup>
</Project>