<?xml version="1.0" encoding="utf-8"?>
<Project ToolsVersion="4.0" xmlns="http://schemas.microsoft.com/developer/msbuild/2003">
  <ItemGroup>
    <Filter Include="Source Files">
      <UniqueIdentifier>{4FC737F1-C7A5-4376-A066-2A32D752A2FF}</UniqueIdentifier>
      <Extensions>cpp;c;cc;cxx;def;odl;idl;hpj;bat;asm;asmx</Extensions>
    </Filter>
    <Filter Include="Header Files">
      <UniqueIdentifier>{93995380-89BD-4b04-88EB-625FBE52EBFB}</UniqueIdentifier>
      <Extensions>h;hh;hpp;hxx;hm;inl;inc;xsd</Extensions>
    </Filter>
    <Filter Include="Resource Files">
      <UniqueIdentifier>{67DA6AB6-F800-4c08-8B7A-83BB121AAD01}</UniqueIdentifier>
      <Extensions>rc;ico;cur;bmp;dlg;rc2;rct;bin;rgs;gif;jpg;jpeg;jpe;resx;tiff;tif;png;wav;mfcribbon-ms</Extensions>
    </Filter>
    <Filter Include="Source Files\Cards">
      <UniqueIdentifier>{fa9e112d-ff63-49da-ba14-a193e490179f}</UniqueIdentifier>
    </Filter>
    <Filter Include="Header Files\Cards">
      <UniqueIdentifier>{69e7f7d2-a24f-41bd-8ad1-77205d8dea96}</UniqueIdentifier>
    </Filter>
    <Filter Include="Source Files\Cards\Characters">
      <UniqueIdentifier>{474a82a7-28b6-4577-90fd-cfcc574f309b}</UniqueIdentifier>
    </Filter>
    <Filter Include="Source Files\Cards\Buildings">
      <UniqueIdentifier>{2711fc12-dbe0-48c1-aad1-8a14df58031d}</UniqueIdentifier>
    </Filter>
    <Filter Include="Header Files\Cards\Characters">
      <UniqueIdentifier>{1eb54256-0e0f-4036-afa3-573a79c722d7}</UniqueIdentifier>
    </Filter>
    <Filter Include="Header Files\Cards\Buildings">
      <UniqueIdentifier>{65daf92a-4099-4555-92eb-44cfb8cff82b}</UniqueIdentifier>
    </Filter>
  </ItemGroup>
  <ItemGroup>
    <ClInclude Include="ClientCommand.h">
      <Filter>Header Files</Filter>
    </ClInclude>
    <ClInclude Include="Player.hpp">
      <Filter>Header Files</Filter>
    </ClInclude>
    <ClInclude Include="Socket.h">
      <Filter>Header Files</Filter>
    </ClInclude>
    <ClInclude Include="Sync_queue.h">
      <Filter>Header Files</Filter>
    </ClInclude>
    <ClInclude Include="throw.h">
      <Filter>Header Files</Filter>
    </ClInclude>
    <ClInclude Include="Game.h">
      <Filter>Header Files</Filter>
    </ClInclude>
    <ClInclude Include="Deck.h">
      <Filter>Header Files</Filter>
    </ClInclude>
    <ClInclude Include="BasicCard.h">
      <Filter>Header Files\Cards</Filter>
    </ClInclude>
    <ClInclude Include="CharacterType.h">
      <Filter>Header Files</Filter>
    </ClInclude>
    <ClInclude Include="ArchitectCard.h">
      <Filter>Header Files\Cards\Characters</Filter>
    </ClInclude>
    <ClInclude Include="AssasinCard.h">
      <Filter>Header Files\Cards\Characters</Filter>
    </ClInclude>
    <ClInclude Include="BishopCard.h">
      <Filter>Header Files\Cards\Characters</Filter>
    </ClInclude>
    <ClInclude Include="CharacterCard.h">
      <Filter>Header Files\Cards\Characters</Filter>
    </ClInclude>
    <ClInclude Include="KingCard.h">
      <Filter>Header Files\Cards\Characters</Filter>
    </ClInclude>
    <ClInclude Include="MagicianCard.h">
      <Filter>Header Files\Cards\Characters</Filter>
    </ClInclude>
    <ClInclude Include="MerchantCard.h">
      <Filter>Header Files\Cards\Characters</Filter>
    </ClInclude>
    <ClInclude Include="ThiefCard.h">
      <Filter>Header Files\Cards\Characters</Filter>
    </ClInclude>
    <ClInclude Include="WarlordCard.h">
      <Filter>Header Files\Cards\Characters</Filter>
    </ClInclude>
    <ClInclude Include="BuildingCard.h">
      <Filter>Header Files\Cards\Buildings</Filter>
    </ClInclude>
    <ClInclude Include="CourtOfMiraclesCard.h">
      <Filter>Header Files\Cards\Buildings</Filter>
    </ClInclude>
  </ItemGroup>
  <ItemGroup>
    <ClCompile Include="main.cpp">
      <Filter>Source Files</Filter>
    </ClCompile>
    <ClCompile Include="Player.cpp">
      <Filter>Source Files</Filter>
    </ClCompile>
    <ClCompile Include="Socket.cpp">
      <Filter>Source Files</Filter>
    </ClCompile>
    <ClCompile Include="throw.cpp">
      <Filter>Source Files</Filter>
    </ClCompile>
    <ClCompile Include="Game.cpp">
      <Filter>Source Files</Filter>
    </ClCompile>
    <ClCompile Include="Deck.cpp">
      <Filter>Source Files</Filter>
    </ClCompile>
    <ClCompile Include="BasicCard.cpp">
      <Filter>Source Files\Cards</Filter>
    </ClCompile>
    <ClCompile Include="WarlordCard.cpp">
      <Filter>Source Files\Cards\Characters</Filter>
    </ClCompile>
    <ClCompile Include="ArchitectCard.cpp">
      <Filter>Source Files\Cards\Characters</Filter>
    </ClCompile>
    <ClCompile Include="AssasinCard.cpp">
      <Filter>Source Files\Cards\Characters</Filter>
    </ClCompile>
    <ClCompile Include="BishopCard.cpp">
      <Filter>Source Files\Cards\Characters</Filter>
    </ClCompile>
    <ClCompile Include="CharacterCard.cpp">
      <Filter>Source Files\Cards\Characters</Filter>
    </ClCompile>
    <ClCompile Include="KingCard.cpp">
      <Filter>Source Files\Cards\Characters</Filter>
    </ClCompile>
    <ClCompile Include="MagicianCard.cpp">
      <Filter>Source Files\Cards\Characters</Filter>
    </ClCompile>
    <ClCompile Include="MerchantCard.cpp">
      <Filter>Source Files\Cards\Characters</Filter>
    </ClCompile>
    <ClCompile Include="ThiefCard.cpp">
      <Filter>Source Files\Cards\Characters</Filter>
    </ClCompile>
    <ClCompile Include="BuildingCard.cpp">
      <Filter>Source Files\Cards\Buildings</Filter>
    </ClCompile>
    <ClCompile Include="CourtOfMiraclesCard.cpp">
      <Filter>Source Files\Cards\Buildings</Filter>
    </ClCompile>
  </ItemGroup>
</Project>